
Microsoft Visual Studio Solution File, Format Version 12.00
# Visual Studio Version 17
VisualStudioVersion = 17.14.36518.9 d17.14
MinimumVisualStudioVersion = 10.0.40219.1
Project("{FAE04EC0-301F-11D3-BF4B-00C04F79EFBC}") = "bölüm 8 derss", "bölüm 8 derss\bölüm 8 derss.csproj", "{FEBF4CF8-6ED8-4123-AB5A-B139F741C9E2}"
EndProject
Global
	GlobalSection(SolutionConfigurationPlatforms) = preSolution
		Debug|Any CPU = Debug|Any CPU
		Release|Any CPU = Release|Any CPU
	EndGlobalSection
	GlobalSection(ProjectConfigurationPlatforms) = postSolution
		{FEBF4CF8-6ED8-4123-AB5A-B139F741C9E2}.Debug|Any CPU.ActiveCfg = Debug|Any CPU
		{FEBF4CF8-6ED8-4123-AB5A-B139F741C9E2}.Debug|Any CPU.Build.0 = Debug|Any CPU
		{FEBF4CF8-6ED8-4123-AB5A-B139F741C9E2}.Release|Any CPU.ActiveCfg = Release|Any CPU
		{FEBF4CF8-6ED8-4123-AB5A-B139F741C9E2}.Release|Any CPU.Build.0 = Release|Any CPU
	EndGlobalSection
	GlobalSection(SolutionProperties) = preSolution
		HideSolutionNode = FALSE
	EndGlobalSection
	GlobalSection(ExtensibilityGlobals) = postSolution
		SolutionGuid = {5F7A952B-AAFD-4796-A028-1EA25DD3B2E1}
	EndGlobalSection
EndGlobal
