
Microsoft Visual Studio Solution File, Format Version 12.00
# Visual Studio Version 17
VisualStudioVersion = 17.14.36518.9 d17.14
MinimumVisualStudioVersion = 10.0.40219.1
Project("{FAE04EC0-301F-11D3-BF4B-00C04F79EFBC}") = "görsel programlama 5. ünite 'uygulamak'", "görsel programlama 5. ünite 'uygulamak'\görsel programlama 5. ünite 'uygulamak'.csproj", "{93FB4F41-CC90-4113-B45A-6B85DD3E42B0}"
EndProject
Global
	GlobalSection(SolutionConfigurationPlatforms) = preSolution
		Debug|Any CPU = Debug|Any CPU
		Release|Any CPU = Release|Any CPU
	EndGlobalSection
	GlobalSection(ProjectConfigurationPlatforms) = postSolution
		{93FB4F41-CC90-4113-B45A-6B85DD3E42B0}.Debug|Any CPU.ActiveCfg = Debug|Any CPU
		{93FB4F41-CC90-4113-B45A-6B85DD3E42B0}.Debug|Any CPU.Build.0 = Debug|Any CPU
		{93FB4F41-CC90-4113-B45A-6B85DD3E42B0}.Release|Any CPU.ActiveCfg = Release|Any CPU
		{93FB4F41-CC90-4113-B45A-6B85DD3E42B0}.Release|Any CPU.Build.0 = Release|Any CPU
	EndGlobalSection
	GlobalSection(SolutionProperties) = preSolution
		HideSolutionNode = FALSE
	EndGlobalSection
	GlobalSection(ExtensibilityGlobals) = postSolution
		SolutionGuid = {B7666E93-DC93-47E3-92D2-B0EFD31D58E5}
	EndGlobalSection
EndGlobal
