
Microsoft Visual Studio Solution File, Format Version 12.00
# Visual Studio Version 17
VisualStudioVersion = 17.14.36518.9 d17.14
MinimumVisualStudioVersion = 10.0.40219.1
Project("{FAE04EC0-301F-11D3-BF4B-00C04F79EFBC}") = "8.bölüm ders", "8.bölüm ders\8.bölüm ders.csproj", "{E564CEC4-2DBF-44BD-A628-29B23CAB4995}"
EndProject
Global
	GlobalSection(SolutionConfigurationPlatforms) = preSolution
		Debug|Any CPU = Debug|Any CPU
		Release|Any CPU = Release|Any CPU
	EndGlobalSection
	GlobalSection(ProjectConfigurationPlatforms) = postSolution
		{E564CEC4-2DBF-44BD-A628-29B23CAB4995}.Debug|Any CPU.ActiveCfg = Debug|Any CPU
		{E564CEC4-2DBF-44BD-A628-29B23CAB4995}.Debug|Any CPU.Build.0 = Debug|Any CPU
		{E564CEC4-2DBF-44BD-A628-29B23CAB4995}.Release|Any CPU.ActiveCfg = Release|Any CPU
		{E564CEC4-2DBF-44BD-A628-29B23CAB4995}.Release|Any CPU.Build.0 = Release|Any CPU
	EndGlobalSection
	GlobalSection(SolutionProperties) = preSolution
		HideSolutionNode = FALSE
	EndGlobalSection
	GlobalSection(ExtensibilityGlobals) = postSolution
		SolutionGuid = {B141DA34-071A-4585-B46F-B402B6CD2896}
	EndGlobalSection
EndGlobal
