
Microsoft Visual Studio Solution File, Format Version 12.00
# Visual Studio Version 17
VisualStudioVersion = 17.14.36518.9 d17.14
MinimumVisualStudioVersion = 10.0.40219.1
Project("{FAE04EC0-301F-11D3-BF4B-00C04F79EFBC}") = "bölüm 4 egzersiz", "bölüm 4 egzersiz\bölüm 4 egzersiz.csproj", "{61CDAC85-8D8F-4BB9-8EB9-0092683C6E59}"
EndProject
Global
	GlobalSection(SolutionConfigurationPlatforms) = preSolution
		Debug|Any CPU = Debug|Any CPU
		Release|Any CPU = Release|Any CPU
	EndGlobalSection
	GlobalSection(ProjectConfigurationPlatforms) = postSolution
		{61CDAC85-8D8F-4BB9-8EB9-0092683C6E59}.Debug|Any CPU.ActiveCfg = Debug|Any CPU
		{61CDAC85-8D8F-4BB9-8EB9-0092683C6E59}.Debug|Any CPU.Build.0 = Debug|Any CPU
		{61CDAC85-8D8F-4BB9-8EB9-0092683C6E59}.Release|Any CPU.ActiveCfg = Release|Any CPU
		{61CDAC85-8D8F-4BB9-8EB9-0092683C6E59}.Release|Any CPU.Build.0 = Release|Any CPU
	EndGlobalSection
	GlobalSection(SolutionProperties) = preSolution
		HideSolutionNode = FALSE
	EndGlobalSection
	GlobalSection(ExtensibilityGlobals) = postSolution
		SolutionGuid = {F3B1ED9D-7804-48D4-8389-B3DB0958A348}
	EndGlobalSection
EndGlobal
