
Microsoft Visual Studio Solution File, Format Version 12.00
# Visual Studio Version 17
VisualStudioVersion = 17.14.36518.9 d17.14
MinimumVisualStudioVersion = 10.0.40219.1
Project("{FAE04EC0-301F-11D3-BF4B-00C04F79EFBC}") = "görsel programlama 4. bölüm account", "görsel programlama 4. bölüm account\görsel programlama 4. bölüm account.csproj", "{530F715E-42DF-49D6-BD6A-5AB0517FF1F0}"
EndProject
Global
	GlobalSection(SolutionConfigurationPlatforms) = preSolution
		Debug|Any CPU = Debug|Any CPU
		Release|Any CPU = Release|Any CPU
	EndGlobalSection
	GlobalSection(ProjectConfigurationPlatforms) = postSolution
		{530F715E-42DF-49D6-BD6A-5AB0517FF1F0}.Debug|Any CPU.ActiveCfg = Debug|Any CPU
		{530F715E-42DF-49D6-BD6A-5AB0517FF1F0}.Debug|Any CPU.Build.0 = Debug|Any CPU
		{530F715E-42DF-49D6-BD6A-5AB0517FF1F0}.Release|Any CPU.ActiveCfg = Release|Any CPU
		{530F715E-42DF-49D6-BD6A-5AB0517FF1F0}.Release|Any CPU.Build.0 = Release|Any CPU
	EndGlobalSection
	GlobalSection(SolutionProperties) = preSolution
		HideSolutionNode = FALSE
	EndGlobalSection
	GlobalSection(ExtensibilityGlobals) = postSolution
		SolutionGuid = {660C6488-FFAB-4688-9BDE-4762AD48F0FE}
	EndGlobalSection
EndGlobal
